
Microsoft Visual Studio Solution File, Format Version 12.00
# Visual Studio Version 17
VisualStudioVersion = 17.14.36414.22 d17.14
MinimumVisualStudioVersion = 10.0.40219.1
Project("{FAE04EC0-301F-11D3-BF4B-00C04F79EFBC}") = "DiplomaAIShop", "DiplomaAIShop\DiplomaAIShop.csproj", "{69983288-7D08-4E78-B01B-739491FD82BA}"
EndProject
Global
	GlobalSection(SolutionConfigurationPlatforms) = preSolution
		Debug|Any CPU = Debug|Any CPU
		Release|Any CPU = Release|Any CPU
	EndGlobalSection
	GlobalSection(ProjectConfigurationPlatforms) = postSolution
		{69983288-7D08-4E78-B01B-739491FD82BA}.Debug|Any CPU.ActiveCfg = Debug|Any CPU
		{69983288-7D08-4E78-B01B-739491FD82BA}.Debug|Any CPU.Build.0 = Debug|Any CPU
		{69983288-7D08-4E78-B01B-739491FD82BA}.Release|Any CPU.ActiveCfg = Release|Any CPU
		{69983288-7D08-4E78-B01B-739491FD82BA}.Release|Any CPU.Build.0 = Release|Any CPU
	EndGlobalSection
	GlobalSection(SolutionProperties) = preSolution
		HideSolutionNode = FALSE
	EndGlobalSection
	GlobalSection(ExtensibilityGlobals) = postSolution
		SolutionGuid = {C4578B63-C6F9-4832-8292-22241E62FDFE}
	EndGlobalSection
EndGlobal
